Microsoft Visual Studio Solution File, Format Version 12.00
# Visual Studio 2012
Project("{FAE04EC0-301F-11D3-BF4B-00C04F79EFBC}") = "test", "test.csproj", "{1114F719-38B3-477C-A93F-80B3E0883DBA}"
EndProject
Global
	GlobalSection(SolutionConfigurationPlatforms) = preSolution
	Debug|Any CPU = Debug|Any CPU
	ExportDebug|Any CPU = ExportDebug|Any CPU
	ExportRelease|Any CPU = ExportRelease|Any CPU
	EndGlobalSection
	GlobalSection(ProjectConfigurationPlatforms) = postSolution
		{1114F719-38B3-477C-A93F-80B3E0883DBA}.Debug|Any CPU.ActiveCfg = Debug|Any CPU
		{1114F719-38B3-477C-A93F-80B3E0883DBA}.Debug|Any CPU.Build.0 = Debug|Any CPU
		{1114F719-38B3-477C-A93F-80B3E0883DBA}.ExportDebug|Any CPU.ActiveCfg = ExportDebug|Any CPU
		{1114F719-38B3-477C-A93F-80B3E0883DBA}.ExportDebug|Any CPU.Build.0 = ExportDebug|Any CPU
		{1114F719-38B3-477C-A93F-80B3E0883DBA}.ExportRelease|Any CPU.ActiveCfg = ExportRelease|Any CPU
		{1114F719-38B3-477C-A93F-80B3E0883DBA}.ExportRelease|Any CPU.Build.0 = ExportRelease|Any CPU
	EndGlobalSection
EndGlobal
